
Microsoft Visual Studio Solution File, Format Version 12.00
# Visual Studio Version 17
VisualStudioVersion = 17.1.31911.260
MinimumVisualStudioVersion = 10.0.40219.1
Project("{9A19103F-16F7-4668-BE54-9A1E7A4F7556}") = "AdventOfCode2021", "AdventOfCode2021\AdventOfCode2021.csproj", "{3074E3C1-DD95-4575-847A-074730FE367A}"
EndProject
Project("{FAE04EC0-301F-11D3-BF4B-00C04F79EFBC}") = "CommonCode", "..\CommonCode\CommonCode\CommonCode.csproj", "{9E53C31B-6218-45B7-8B42-37A5DFB60D16}"
EndProject
Global
	GlobalSection(SolutionConfigurationPlatforms) = preSolution
		Debug|Any CPU = Debug|Any CPU
		Release|Any CPU = Release|Any CPU
	EndGlobalSection
	GlobalSection(ProjectConfigurationPlatforms) = postSolution
		{3074E3C1-DD95-4575-847A-074730FE367A}.Debug|Any CPU.ActiveCfg = Debug|Any CPU
		{3074E3C1-DD95-4575-847A-074730FE367A}.Debug|Any CPU.Build.0 = Debug|Any CPU
		{3074E3C1-DD95-4575-847A-074730FE367A}.Release|Any CPU.ActiveCfg = Release|Any CPU
		{3074E3C1-DD95-4575-847A-074730FE367A}.Release|Any CPU.Build.0 = Release|Any CPU
		{9E53C31B-6218-45B7-8B42-37A5DFB60D16}.Debug|Any CPU.ActiveCfg = Debug|Any CPU
		{9E53C31B-6218-45B7-8B42-37A5DFB60D16}.Debug|Any CPU.Build.0 = Debug|Any CPU
		{9E53C31B-6218-45B7-8B42-37A5DFB60D16}.Release|Any CPU.ActiveCfg = Release|Any CPU
		{9E53C31B-6218-45B7-8B42-37A5DFB60D16}.Release|Any CPU.Build.0 = Release|Any CPU
	EndGlobalSection
	GlobalSection(SolutionProperties) = preSolution
		HideSolutionNode = FALSE
	EndGlobalSection
	GlobalSection(ExtensibilityGlobals) = postSolution
		SolutionGuid = {690D7C62-EBAE-4656-9588-A3416FDECA7D}
	EndGlobalSection
EndGlobal
